<Solution>
  <Folder Name="/Android/">
    <Project Path="Android/TirePressureCalculator.Android.csproj" />
  </Folder>
  <Folder Name="/Browser/">
    <Project Path="Browser/TirePressureCalculator.Browser.csproj" />
  </Folder>
  <Folder Name="/Core/">
    <Project Path="Core/TirePressureCalculator.Core.csproj" />
  </Folder>
  <Folder Name="/Desktop/">
    <Project Path="Desktop/TirePressureCalculator.Desktop.csproj" />
  </Folder>
  <Folder Name="/Tests/">
    <Project Path="Tests/TirePressureCalculator.Tests.csproj" />
  </Folder>
</Solution>
